
Microsoft Visual Studio Solution File, Format Version 12.00
Project("{2150E333-8FDC-42A3-9474-1A3956D46DE8}") = "src", "src", "{779B82DC-C610-433D-85F8-BFAE024BAF94}"
EndProject
Project("{2150E333-8FDC-42A3-9474-1A3956D46DE8}") = "tests", "tests", "{6698B7B8-2A23-484D-9C72-8FBB71586BC3}"
EndProject
Project("{FAE04EC0-301F-11D3-BF4B-00C04F79EFBC}") = "Codeflix.Catalog.UnitTests", "tests\Codeflix.Catalog.UnitTests\Codeflix.Catalog.UnitTests.csproj", "{CB40683E-8B38-4086-B2EC-49619A31F1D3}"
EndProject
Project("{FAE04EC0-301F-11D3-BF4B-00C04F79EFBC}") = "Codeflix.Catalog.Domain", "src\Codeflix.Catalog.Domain\Codeflix.Catalog.Domain.csproj", "{CA4B51CB-EDC0-4B07-8D80-1A011714A14A}"
EndProject
Global
	GlobalSection(SolutionConfigurationPlatforms) = preSolution
		Debug|Any CPU = Debug|Any CPU
		Release|Any CPU = Release|Any CPU
	EndGlobalSection
	GlobalSection(NestedProjects) = preSolution
		{CB40683E-8B38-4086-B2EC-49619A31F1D3} = {6698B7B8-2A23-484D-9C72-8FBB71586BC3}
		{CA4B51CB-EDC0-4B07-8D80-1A011714A14A} = {779B82DC-C610-433D-85F8-BFAE024BAF94}
	EndGlobalSection
	GlobalSection(ProjectConfigurationPlatforms) = postSolution
		{CB40683E-8B38-4086-B2EC-49619A31F1D3}.Debug|Any CPU.ActiveCfg = Debug|Any CPU
		{CB40683E-8B38-4086-B2EC-49619A31F1D3}.Debug|Any CPU.Build.0 = Debug|Any CPU
		{CB40683E-8B38-4086-B2EC-49619A31F1D3}.Release|Any CPU.ActiveCfg = Release|Any CPU
		{CB40683E-8B38-4086-B2EC-49619A31F1D3}.Release|Any CPU.Build.0 = Release|Any CPU
		{CA4B51CB-EDC0-4B07-8D80-1A011714A14A}.Debug|Any CPU.ActiveCfg = Debug|Any CPU
		{CA4B51CB-EDC0-4B07-8D80-1A011714A14A}.Debug|Any CPU.Build.0 = Debug|Any CPU
		{CA4B51CB-EDC0-4B07-8D80-1A011714A14A}.Release|Any CPU.ActiveCfg = Release|Any CPU
		{CA4B51CB-EDC0-4B07-8D80-1A011714A14A}.Release|Any CPU.Build.0 = Release|Any CPU
	EndGlobalSection
EndGlobal
